github.com/ajstarks/svgo v0.0.0-20200725142600-7a3c8b57fecb h1:EVl3FJLQCzSbgBezKo/1A4ADnJ4mtJZ0RvnNzDJ44nY=
github.com/ajstarks/svgo v0.0.0-20200725142600-7a3c8b57fecb/go.mod h1:K08gAheRH3/J6wwsYMMT4xOr94bZjxIelGM0+d/wbFw=
github.com/golang/freetype v0.0.0-20170609003504-e2365dfdc4a0 h1:DACJavvAHhabrF08vX0COfcOBJRhZ8lUbR+ZWIs0Y5g=
github.com/golang/freetype v0.0.0-20170609003504-e2365dfdc4a0/go.mod h1:E/TSTwGwJL78qG/PmXZO1EjYhfJinVAhrmmHX6Z8B9k=
github.com/howeyc/fsnotify v0.9.0 h1:0gtV5JmOKH4A8SsFxG2BczSeXWWPvcMT0euZt5gDAxY=
github.com/howeyc/fsnotify v0.9.0/go.mod h1:41HzSPxBGeFRQKEEwgh49TRw/nKBsYZ2cF1OzPjSJsA=
github.com/seanpont/assert v0.0.0-20141212164842-4b06649e62f7 h1:mhpEmKEJp3FEHEjWzM/81AknkumClUd8vb++rq9re7Q=
github.com/seanpont/assert v0.0.0-20141212164842-4b06649e62f7/go.mod h1:+WaNQ7NBfx3wkC0KgS2Ee2U0ahkii9HIvaqUzaJXdjY=
golang.org/x/image v0.0.0-20200927104501-e162460cd6b5 h1:QelT11PB4FXiDEXucrfNckHoFxwt8USGY1ajP1ZF5lM=
golang.org/x/image v0.0.0-20200927104501-e162460cd6b5/go.mod h1:FeLwcggjj3mMvU+oOTbSwawSJRM1uh48EjtB4UJZlP0=
golang.org/x/text v0.3.0/go.mod h1:NqM8EUOU14njkJ3fqMW+pc6Ldnwhi/IjpwHt7yyuwOQ=
